{
  "name": "JZZ-demo",
  "version": "0.1.0",
  "lockfileVersion": 1,
  "requires": true,
  "dependencies": {
    "@types/webmidi": {
      "version": "2.0.4",
      "resolved": "https://registry.npmjs.org/@types/webmidi/-/webmidi-2.0.4.tgz",
      "integrity": "sha512-ouA837zUpSzURsUGvcnay6JwUz2B/UoJP3Lkacnz60y+rul8/auVOFS9LSO6v0gdNbGvRkbHEpayD8PbO7IKhw=="
    },
    "jazz-midi": {
      "version": "1.7.4",
      "resolved": "https://registry.npmjs.org/jazz-midi/-/jazz-midi-1.7.4.tgz",
      "integrity": "sha512-I/pVnm5u6MNllxW0r5j2Tp5r79QGkG4EMIKWMDAbshnjKXx4rZEyZdso9bjuGkdi4WElMP2i9h6mB9ESVi3u9A=="
    },
    "jzz": {
      "version": "1.2.3",
      "resolved": "https://registry.npmjs.org/jzz/-/jzz-1.2.3.tgz",
      "integrity": "sha512-Ed5erTTocebwwFDGie+Kw8sFG4fKl54iritMs6eMYQiG1KdRtw0DyosyB5F4DnKLIhK2F3s9P1sIhcLWhqetlA==",
      "requires": {
        "@types/webmidi": "^2.0.4",
        "jazz-midi": "^1.7.4"
      }
    }
  }
}
